// !$*UTF8*$!
{
	archiveVersion = 1;
	classes = {
	};
	objectVersion = 55;
	objects = {

/* Begin PBXBuildFile section */
		DA7D290128C5EF4600F3991D /* CalendarHelper.swift in Sources */ = {isa = PBXBuildFile; fileRef = DA7D290028C5EF4600F3991D /* CalendarHelper.swift */; };
		DAC7E56C28C5D778008CC1DA /* AppDelegate.swift in Sources */ = {isa = PBXBuildFile; fileRef = DAC7E56B28C5D778008CC1DA /* AppDelegate.swift */; };
		DAC7E56E28C5D778008CC1DA /* SceneDelegate.swift in Sources */ = {isa = PBXBuildFile; fileRef = DAC7E56D28C5D778008CC1DA /* SceneDelegate.swift */; };
		DAC7E57028C5D778008CC1DA /* ViewController.swift in Sources */ = {isa = PBXBuildFile; fileRef = DAC7E56F28C5D778008CC1DA /* ViewController.swift */; };
		DAC7E57328C5D778008CC1DA /* Main.storyboard in Resources */ = {isa = PBXBuildFile; fileRef = DAC7E57128C5D778008CC1DA /* Main.storyboard */; };
		DAC7E57528C5D77C008CC1DA /* Assets.xcassets in Resources */ = {isa = PBXBuildFile; fileRef = DAC7E57428C5D77C008CC1DA /* Assets.xcassets */; };
		DAC7E57828C5D77D008CC1DA /* LaunchScreen.storyboard in Resources */ = {isa = PBXBuildFile; fileRef = DAC7E57628C5D77D008CC1DA /* LaunchScreen.storyboard */; };
		DAC7E58028C5E41F008CC1DA /* CalendarCell.swift in Sources */ = {isa = PBXBuildFile; fileRef = DAC7E57F28C5E41F008CC1DA /* CalendarCell.swift */; };
		DAC7E58328C5E765008CC1DA /* CollectionCalendarCell.swift in Sources */ = {isa = PBXBuildFile; fileRef = DAC7E58128C5E765008CC1DA /* CollectionCalendarCell.swift */; };
		DAC7E58428C5E765008CC1DA /* CollectionCalendarCell.xib in Resources */ = {isa = PBXBuildFile; fileRef = DAC7E58228C5E765008CC1DA /* CollectionCalendarCell.xib */; };
/* End PBXBuildFile section */

/* Begin PBXFileReference section */
		DA7D290028C5EF4600F3991D /* CalendarHelper.swift */ = {isa = PBXFileReference; lastKnownFileType = sourcecode.swift; path = CalendarHelper.swift; sourceTree = "<group>"; };
		DAC7E56828C5D778008CC1DA /* CalendarApp.app */ = {isa = PBXFileReference; explicitFileType = wrapper.application; includeInIndex = 0; path = CalendarApp.app; sourceTree = BUILT_PRODUCTS_DIR; };
		DAC7E56B28C5D778008CC1DA /* AppDelegate.swift */ = {isa = PBXFileReference; lastKnownFileType = sourcecode.swift; path = AppDelegate.swift; sourceTree = "<group>"; };
		DAC7E56D28C5D778008CC1DA /* SceneDelegate.swift */ = {isa = PBXFileReference; lastKnownFileType = sourcecode.swift; path = SceneDelegate.swift; sourceTree = "<group>"; };
		DAC7E56F28C5D778008CC1DA /* ViewController.swift */ = {isa = PBXFileReference; lastKnownFileType = sourcecode.swift; path = ViewController.swift; sourceTree = "<group>"; };
		DAC7E57228C5D778008CC1DA /* Base */ = {isa = PBXFileReference; lastKnownFileType = file.storyboard; name = Base; path = Base.lproj/Main.storyboard; sourceTree = "<group>"; };
		DAC7E57428C5D77C008CC1DA /* Assets.xcassets */ = {isa = PBXFileReference; lastKnownFileType = folder.assetcatalog; path = Assets.xcassets; sourceTree = "<group>"; };
		DAC7E57728C5D77D008CC1DA /* Base */ = {isa = PBXFileReference; lastKnownFileType = file.storyboard; name = Base; path = Base.lproj/LaunchScreen.storyboard; sourceTree = "<group>"; };
		DAC7E57928C5D77D008CC1DA /* Info.plist */ = {isa = PBXFileReference; lastKnownFileType = text.plist.xml; path = Info.plist; sourceTree = "<group>"; };
		DAC7E57F28C5E41F008CC1DA /* CalendarCell.swift */ = {isa = PBXFileReference; lastKnownFileType = sourcecode.swift; path = CalendarCell.swift; sourceTree = "<group>"; };
		DAC7E58128C5E765008CC1DA /* CollectionCalendarCell.swift */ = {isa = PBXFileReference; lastKnownFileType = sourcecode.swift; path = CollectionCalendarCell.swift; sourceTree = "<group>"; };
		DAC7E58228C5E765008CC1DA /* CollectionCalendarCell.xib */ = {isa = PBXFileReference; lastKnownFileType = file.xib; path = CollectionCalendarCell.xib; sourceTree = "<group>"; };
/* End PBXFileReference section */

/* Begin PBXFrameworksBuildPhase section */
		DAC7E56528C5D778008CC1DA /* Frameworks */ = {
			isa = PBXFrameworksBuildPhase;
			buildActionMask = 2147483647;
			files = (
			);
			runOnlyForDeploymentPostprocessing = 0;
		};
/* End PBXFrameworksBuildPhase section */

/* Begin PBXGroup section */
		DAC7E55F28C5D777008CC1DA = {
			isa = PBXGroup;
			children = (
				DAC7E56A28C5D778008CC1DA /* CalendarApp */,
				DAC7E56928C5D778008CC1DA /* Products */,
			);
			sourceTree = "<group>";
		};
		DAC7E56928C5D778008CC1DA /* Products */ = {
			isa = PBXGroup;
			children = (
				DAC7E56828C5D778008CC1DA /* CalendarApp.app */,
			);
			name = Products;
			sourceTree = "<group>";
		};
		DAC7E56A28C5D778008CC1DA /* CalendarApp */ = {
			isa = PBXGroup;
			children = (
				DAC7E58528C5E770008CC1DA /* CellCalendar */,
				DAC7E56B28C5D778008CC1DA /* AppDelegate.swift */,
				DAC7E56D28C5D778008CC1DA /* SceneDelegate.swift */,
				DAC7E56F28C5D778008CC1DA /* ViewController.swift */,
				DA7D290028C5EF4600F3991D /* CalendarHelper.swift */,
				DAC7E57128C5D778008CC1DA /* Main.storyboard */,
				DAC7E57F28C5E41F008CC1DA /* CalendarCell.swift */,
				DAC7E57428C5D77C008CC1DA /* Assets.xcassets */,
				DAC7E57628C5D77D008CC1DA /* LaunchScreen.storyboard */,
				DAC7E57928C5D77D008CC1DA /* Info.plist */,
			);
			path = CalendarApp;
			sourceTree = "<group>";
		};
		DAC7E58528C5E770008CC1DA /* CellCalendar */ = {
			isa = PBXGroup;
			children = (
				DAC7E58128C5E765008CC1DA /* CollectionCalendarCell.swift */,
				DAC7E58228C5E765008CC1DA /* CollectionCalendarCell.xib */,
			);
			path = CellCalendar;
			sourceTree = "<group>";
		};
/* End PBXGroup section */

/* Begin PBXNativeTarget section */
		DAC7E56728C5D778008CC1DA /* CalendarApp */ = {
			isa = PBXNativeTarget;
			buildConfigurationList = DAC7E57C28C5D77D008CC1DA /* Build configuration list for PBXNativeTarget "CalendarApp" */;
			buildPhases = (
				DAC7E56428C5D778008CC1DA /* Sources */,
				DAC7E56528C5D778008CC1DA /* Frameworks */,
				DAC7E56628C5D778008CC1DA /* Resources */,
			);
			buildRules = (
			);
			dependencies = (
			);
			name = CalendarApp;
			productName = CalendarApp;
			productReference = DAC7E56828C5D778008CC1DA /* CalendarApp.app */;
			productType = "com.apple.product-type.application";
		};
/* End PBXNativeTarget section */

/* Begin PBXProject section */
		DAC7E56028C5D777008CC1DA /* Project object */ = {
			isa = PBXProject;
			attributes = {
				BuildIndependentTargetsInParallel = 1;
				LastSwiftUpdateCheck = 1330;
				LastUpgradeCheck = 1330;
				TargetAttributes = {
					DAC7E56728C5D778008CC1DA = {
						CreatedOnToolsVersion = 13.3.1;
					};
				};
			};
			buildConfigurationList = DAC7E56328C5D777008CC1DA /* Build configuration list for PBXProject "CalendarApp" */;
			compatibilityVersion = "Xcode 13.0";
			developmentRegion = en;
			hasScannedForEncodings = 0;
			knownRegions = (
				en,
				Base,
			);
			mainGroup = DAC7E55F28C5D777008CC1DA;
			productRefGroup = DAC7E56928C5D778008CC1DA /* Products */;
			projectDirPath = "";
			projectRoot = "";
			targets = (
				DAC7E56728C5D778008CC1DA /* CalendarApp */,
			);
		};
/* End PBXProject section */

/* Begin PBXResourcesBuildPhase section */
		DAC7E56628C5D778008CC1DA /* Resources */ = {
			isa = PBXResourcesBuildPhase;
			buildActionMask = 2147483647;
			files = (
				DAC7E57828C5D77D008CC1DA /* LaunchScreen.storyboard in Resources */,
				DAC7E58428C5E765008CC1DA /* CollectionCalendarCell.xib in Resources */,
				DAC7E57528C5D77C008CC1DA /* Assets.xcassets in Resources */,
				DAC7E57328C5D778008CC1DA /* Main.storyboard in Resources */,
			);
			runOnlyForDeploymentPostprocessing = 0;
		};
/* End PBXResourcesBuildPhase section */

/* Begin PBXSourcesBuildPhase section */
		DAC7E56428C5D778008CC1DA /* Sources */ = {
			isa = PBXSourcesBuildPhase;
			buildActionMask = 2147483647;
			files = (
				DAC7E57028C5D778008CC1DA /* ViewController.swift in Sources */,
				DA7D290128C5EF4600F3991D /* CalendarHelper.swift in Sources */,
				DAC7E58328C5E765008CC1DA /* CollectionCalendarCell.swift in Sources */,
				DAC7E56C28C5D778008CC1DA /* AppDelegate.swift in Sources */,
				DAC7E56E28C5D778008CC1DA /* SceneDelegate.swift in Sources */,
				DAC7E58028C5E41F008CC1DA /* CalendarCell.swift in Sources */,
			);
			runOnlyForDeploymentPostprocessing = 0;
		};
/* End PBXSourcesBuildPhase section */

/* Begin PBXVariantGroup section */
		DAC7E57128C5D778008CC1DA /* Main.storyboard */ = {
			isa = PBXVariantGroup;
			children = (
				DAC7E57228C5D778008CC1DA /* Base */,
			);
			name = Main.storyboard;
			sourceTree = "<group>";
		};
		DAC7E57628C5D77D008CC1DA /* LaunchScreen.storyboard */ = {
			isa = PBXVariantGroup;
			children = (
				DAC7E57728C5D77D008CC1DA /* Base */,
			);
			name = LaunchScreen.storyboard;
			sourceTree = "<group>";
		};
/* End PBXVariantGroup section */

/* Begin XCBuildConfiguration section */
		DAC7E57A28C5D77D008CC1DA /* Debug */ = {
			isa = XCBuildConfiguration;
			buildSettings = {
				ALWAYS_SEARCH_USER_PATHS = NO;
				CLANG_ANALYZER_NONNULL = YES;
				CLANG_ANALYZER_NUMBER_OBJECT_CONVERSION = YES_AGGRESSIVE;
				CLANG_CXX_LANGUAGE_STANDARD = "gnu++17";
				CLANG_ENABLE_MODULES = YES;
				CLANG_ENABLE_OBJC_ARC = YES;
				CLANG_ENABLE_OBJC_WEAK = YES;
				CLANG_WARN_BLOCK_CAPTURE_AUTORELEASING = YES;
				CLANG_WARN_BOOL_CONVERSION = YES;
				CLANG_WARN_COMMA = YES;
				CLANG_WARN_CONSTANT_CONVERSION = YES;
				CLANG_WARN_DEPRECATED_OBJC_IMPLEMENTATIONS = YES;
				CLANG_WARN_DIRECT_OBJC_ISA_USAGE = YES_ERROR;
				CLANG_WARN_DOCUMENTATION_COMMENTS = YES;
				CLANG_WARN_EMPTY_BODY = YES;
				CLANG_WARN_ENUM_CONVERSION = YES;
				CLANG_WARN_INFINITE_RECURSION = YES;
				CLANG_WARN_INT_CONVERSION = YES;
				CLANG_WARN_NON_LITERAL_NULL_CONVERSION = YES;
				CLANG_WARN_OBJC_IMPLICIT_RETAIN_SELF = YES;
				CLANG_WARN_OBJC_LITERAL_CONVERSION = YES;
				CLANG_WARN_OBJC_ROOT_CLASS = YES_ERROR;
				CLANG_WARN_QUOTED_INCLUDE_IN_FRAMEWORK_HEADER = YES;
				CLANG_WARN_RANGE_LOOP_ANALYSIS = YES;
				CLANG_WARN_STRICT_PROTOTYPES = YES;
				CLANG_WARN_SUSPICIOUS_MOVE = YES;
				CLANG_WARN_UNGUARDED_AVAILABILITY = YES_AGGRESSIVE;
				CLANG_WARN_UNREACHABLE_CODE = YES;
				CLANG_WARN__DUPLICATE_METHOD_MATCH = YES;
				COPY_PHASE_STRIP = NO;
				DEBUG_INFORMATION_FORMAT = dwarf;
				ENABLE_STRICT_OBJC_MSGSEND = YES;
				ENABLE_TESTABILITY = YES;
				GCC_C_LANGUAGE_STANDARD = gnu11;
				GCC_DYNAMIC_NO_PIC = NO;
				GCC_NO_COMMON_BLOCKS = YES;
				GCC_OPTIMIZATION_LEVEL = 0;
				GCC_PREPROCESSOR_DEFINITIONS = (
					"DEBUG=1",
					"$(inherited)",
				);
				GCC_WARN_64_TO_32_BIT_CONVERSION = YES;
				GCC_WARN_ABOUT_RETURN_TYPE = YES_ERROR;
				GCC_WARN_UNDECLARED_SELECTOR = YES;
				GCC_WARN_UNINITIALIZED_AUTOS = YES_AGGRESSIVE;
				GCC_WARN_UNUSED_FUNCTION = YES;
				GCC_WARN_UNUSED_VARIABLE = YES;
				IPHONEOS_DEPLOYMENT_TARGET = 15.4;
				MTL_ENABLE_DEBUG_INFO = INCLUDE_SOURCE;
				MTL_FAST_MATH = YES;
				ONLY_ACTIVE_ARCH = YES;
				SDKROOT = iphoneos;
				SWIFT_ACTIVE_COMPILATION_CONDITIONS = DEBUG;
				SWIFT_OPTIMIZATION_LEVEL = "-Onone";
			};
			name = Debug;
		};
		DAC7E57B28C5D77D008CC1DA /* Release */ = {
			isa = XCBuildConfiguration;
			buildSettings = {
				ALWAYS_SEARCH_USER_PATHS = NO;
				CLANG_ANALYZER_NONNULL = YES;
				CLANG_ANALYZER_NUMBER_OBJECT_CONVERSION = YES_AGGRESSIVE;
				CLANG_CXX_LANGUAGE_STANDARD = "gnu++17";
				CLANG_ENABLE_MODULES = YES;
				CLANG_ENABLE_OBJC_ARC = YES;
				CLANG_ENABLE_OBJC_WEAK = YES;
				CLANG_WARN_BLOCK_CAPTURE_AUTORELEASING = YES;
				CLANG_WARN_BOOL_CONVERSION = YES;
				CLANG_WARN_COMMA = YES;
				CLANG_WARN_CONSTANT_CONVERSION = YES;
				CLANG_WARN_DEPRECATED_OBJC_IMPLEMENTATIONS = YES;
				CLANG_WARN_DIRECT_OBJC_ISA_USAGE = YES_ERROR;
				CLANG_WARN_DOCUMENTATION_COMMENTS = YES;
				CLANG_WARN_EMPTY_BODY = YES;
				CLANG_WARN_ENUM_CONVERSION = YES;
				CLANG_WARN_INFINITE_RECURSION = YES;
				CLANG_WARN_INT_CONVERSION = YES;
				CLANG_WARN_NON_LITERAL_NULL_CONVERSION = YES;
				CLANG_WARN_OBJC_IMPLICIT_RETAIN_SELF = YES;
				CLANG_WARN_OBJC_LITERAL_CONVERSION = YES;
				CLANG_WARN_OBJC_ROOT_CLASS = YES_ERROR;
				CLANG_WARN_QUOTED_INCLUDE_IN_FRAMEWORK_HEADER = YES;
				CLANG_WARN_RANGE_LOOP_ANALYSIS = YES;
				CLANG_WARN_STRICT_PROTOTYPES = YES;
				CLANG_WARN_SUSPICIOUS_MOVE = YES;
				CLANG_WARN_UNGUARDED_AVAILABILITY = YES_AGGRESSIVE;
				CLANG_WARN_UNREACHABLE_CODE = YES;
				CLANG_WARN__DUPLICATE_METHOD_MATCH = YES;
				COPY_PHASE_STRIP = NO;
				DEBUG_INFORMATION_FORMAT = "dwarf-with-dsym";
				ENABLE_NS_ASSERTIONS = NO;
				ENABLE_STRICT_OBJC_MSGSEND = YES;
				GCC_C_LANGUAGE_STANDARD = gnu11;
				GCC_NO_COMMON_BLOCKS = YES;
				GCC_WARN_64_TO_32_BIT_CONVERSION = YES;
				GCC_WARN_ABOUT_RETURN_TYPE = YES_ERROR;
				GCC_WARN_UNDECLARED_SELECTOR = YES;
				GCC_WARN_UNINITIALIZED_AUTOS = YES_AGGRESSIVE;
				GCC_WARN_UNUSED_FUNCTION = YES;
				GCC_WARN_UNUSED_VARIABLE = YES;
				IPHONEOS_DEPLOYMENT_TARGET = 15.4;
				MTL_ENABLE_DEBUG_INFO = NO;
				MTL_FAST_MATH = YES;
				SDKROOT = iphoneos;
				SWIFT_COMPILATION_MODE = wholemodule;
				SWIFT_OPTIMIZATION_LEVEL = "-O";
				VALIDATE_PRODUCT = YES;
			};
			name = Release;
		};
		DAC7E57D28C5D77D008CC1DA /* Debug */ = {
			isa = XCBuildConfiguration;
			buildSettings = {
				ASSETCATALOG_COMPILER_APPICON_NAME = AppIcon;
				ASSETCATALOG_COMPILER_GLOBAL_ACCENT_COLOR_NAME = AccentColor;
				CODE_SIGN_STYLE = Automatic;
				CURRENT_PROJECT_VERSION = 1;
				GENERATE_INFOPLIST_FILE = YES;
				INFOPLIST_FILE = CalendarApp/Info.plist;
				INFOPLIST_KEY_UIApplicationSupportsIndirectInputEvents = YES;
				INFOPLIST_KEY_UILaunchStoryboardName = LaunchScreen;
				INFOPLIST_KEY_UIMainStoryboardFile = Main;
				INFOPLIST_KEY_UISupportedInterfaceOrientations_iPad = "UIInterfaceOrientationPortrait UIInterfaceOrientationPortraitUpsideDown UIInterfaceOrientationLandscapeLeft UIInterfaceOrientationLandscapeRight";
				INFOPLIST_KEY_UISupportedInterfaceOrientations_iPhone = "UIInterfaceOrientationPortrait UIInterfaceOrientationLandscapeLeft UIInterfaceOrientationLandscapeRight";
				LD_RUNPATH_SEARCH_PATHS = (
					"$(inherited)",
					"@executable_path/Frameworks",
				);
				MARKETING_VERSION = 1.0;
				PRODUCT_BUNDLE_IDENTIFIER = com.divyapanthi.CalendarApp;
				PRODUCT_NAME = "$(TARGET_NAME)";
				SWIFT_EMIT_LOC_STRINGS = YES;
				SWIFT_VERSION = 5.0;
				TARGETED_DEVICE_FAMILY = "1,2";
			};
			name = Debug;
		};
		DAC7E57E28C5D77D008CC1DA /* Release */ = {
			isa = XCBuildConfiguration;
			buildSettings = {
				ASSETCATALOG_COMPILER_APPICON_NAME = AppIcon;
				ASSETCATALOG_COMPILER_GLOBAL_ACCENT_COLOR_NAME = AccentColor;
				CODE_SIGN_STYLE = Automatic;
				CURRENT_PROJECT_VERSION = 1;
				GENERATE_INFOPLIST_FILE = YES;
				INFOPLIST_FILE = CalendarApp/Info.plist;
				INFOPLIST_KEY_UIApplicationSupportsIndirectInputEvents = YES;
				INFOPLIST_KEY_UILaunchStoryboardName = LaunchScreen;
				INFOPLIST_KEY_UIMainStoryboardFile = Main;
				INFOPLIST_KEY_UISupportedInterfaceOrientations_iPad = "UIInterfaceOrientationPortrait UIInterfaceOrientationPortraitUpsideDown UIInterfaceOrientationLandscapeLeft UIInterfaceOrientationLandscapeRight";
				INFOPLIST_KEY_UISupportedInterfaceOrientations_iPhone = "UIInterfaceOrientationPortrait UIInterfaceOrientationLandscapeLeft UIInterfaceOrientationLandscapeRight";
				LD_RUNPATH_SEARCH_PATHS = (
					"$(inherited)",
					"@executable_path/Frameworks",
				);
				MARKETING_VERSION = 1.0;
				PRODUCT_BUNDLE_IDENTIFIER = com.divyapanthi.CalendarApp;
				PRODUCT_NAME = "$(TARGET_NAME)";
				SWIFT_EMIT_LOC_STRINGS = YES;
				SWIFT_VERSION = 5.0;
				TARGETED_DEVICE_FAMILY = "1,2";
			};
			name = Release;
		};
/* End XCBuildConfiguration section */

/* Begin XCConfigurationList section */
		DAC7E56328C5D777008CC1DA /* Build configuration list for PBXProject "CalendarApp" */ = {
			isa = XCConfigurationList;
			buildConfigurations = (
				DAC7E57A28C5D77D008CC1DA /* Debug */,
				DAC7E57B28C5D77D008CC1DA /* Release */,
			);
			defaultConfigurationIsVisible = 0;
			defaultConfigurationName = Release;
		};
		DAC7E57C28C5D77D008CC1DA /* Build configuration list for PBXNativeTarget "CalendarApp" */ = {
			isa = XCConfigurationList;
			buildConfigurations = (
				DAC7E57D28C5D77D008CC1DA /* Debug */,
				DAC7E57E28C5D77D008CC1DA /* Release */,
			);
			defaultConfigurationIsVisible = 0;
			defaultConfigurationName = Release;
		};
/* End XCConfigurationList section */
	};
	rootObject = DAC7E56028C5D777008CC1DA /* Project object */;
}
